
Microsoft Visual Studio Solution File, Format Version 11.00
# Visual Studio 2010
Project("{8BC9CEB8-8B4A-11D0-8D11-00A0C91BC942}") = "libreassure", "libreassure\libreassure.vcxproj", "{734726D2-4592-449F-8637-D6C8B65BAF17}"
	ProjectSection(ProjectDependencies) = postProject
		{437961D9-7BB3-4A08-AC4A-B27FBB7C1FB7} = {437961D9-7BB3-4A08-AC4A-B27FBB7C1FB7}
	EndProjectSection
EndProject
Project("{8BC9CEB8-8B4A-11D0-8D11-00A0C91BC942}") = "libcrossdev", "libcrossdev\libcrossdev.vcxproj", "{437961D9-7BB3-4A08-AC4A-B27FBB7C1FB7}"
EndProject
Project("{8BC9CEB8-8B4A-11D0-8D11-00A0C91BC942}") = "tool", "tool\tool.vcxproj", "{BD4207C6-5354-41F6-8B33-7C3E14DB1AFF}"
	ProjectSection(ProjectDependencies) = postProject
		{734726D2-4592-449F-8637-D6C8B65BAF17} = {734726D2-4592-449F-8637-D6C8B65BAF17}
		{437961D9-7BB3-4A08-AC4A-B27FBB7C1FB7} = {437961D9-7BB3-4A08-AC4A-B27FBB7C1FB7}
	EndProjectSection
EndProject
Project("{2150E333-8FDC-42A3-9474-1A3956D46DE8}") = "Solution Items", "Solution Items", "{3FAAF7A7-3044-4B0D-B0EF-959B217B95E1}"
	ProjectSection(SolutionItems) = preProject
		include\compiler.h = include\compiler.h
		include\debug.h = include\debug.h
		include\log.hpp = include\log.hpp
	EndProjectSection
EndProject
Global
	GlobalSection(TestCaseManagementSettings) = postSolution
		CategoryFile = Reassure.vsmdi
	EndGlobalSection
	GlobalSection(SolutionConfigurationPlatforms) = preSolution
		Debug|Win32 = Debug|Win32
		Debug|x64 = Debug|x64
		Release|Win32 = Release|Win32
		Release|x64 = Release|x64
	EndGlobalSection
	GlobalSection(ProjectConfigurationPlatforms) = postSolution
		{734726D2-4592-449F-8637-D6C8B65BAF17}.Debug|Win32.ActiveCfg = Debug|Win32
		{734726D2-4592-449F-8637-D6C8B65BAF17}.Debug|Win32.Build.0 = Debug|Win32
		{734726D2-4592-449F-8637-D6C8B65BAF17}.Debug|x64.ActiveCfg = Debug|Win32
		{734726D2-4592-449F-8637-D6C8B65BAF17}.Release|Win32.ActiveCfg = Release|Win32
		{734726D2-4592-449F-8637-D6C8B65BAF17}.Release|Win32.Build.0 = Release|Win32
		{734726D2-4592-449F-8637-D6C8B65BAF17}.Release|x64.ActiveCfg = Release|Win32
		{437961D9-7BB3-4A08-AC4A-B27FBB7C1FB7}.Debug|Win32.ActiveCfg = Debug|Win32
		{437961D9-7BB3-4A08-AC4A-B27FBB7C1FB7}.Debug|Win32.Build.0 = Debug|Win32
		{437961D9-7BB3-4A08-AC4A-B27FBB7C1FB7}.Debug|x64.ActiveCfg = Debug|Win32
		{437961D9-7BB3-4A08-AC4A-B27FBB7C1FB7}.Release|Win32.ActiveCfg = Release|Win32
		{437961D9-7BB3-4A08-AC4A-B27FBB7C1FB7}.Release|Win32.Build.0 = Release|Win32
		{437961D9-7BB3-4A08-AC4A-B27FBB7C1FB7}.Release|x64.ActiveCfg = Release|Win32
		{BD4207C6-5354-41F6-8B33-7C3E14DB1AFF}.Debug|Win32.ActiveCfg = Debug|Win32
		{BD4207C6-5354-41F6-8B33-7C3E14DB1AFF}.Debug|Win32.Build.0 = Debug|Win32
		{BD4207C6-5354-41F6-8B33-7C3E14DB1AFF}.Debug|x64.ActiveCfg = Debug|Win32
		{BD4207C6-5354-41F6-8B33-7C3E14DB1AFF}.Release|Win32.ActiveCfg = Release|Win32
		{BD4207C6-5354-41F6-8B33-7C3E14DB1AFF}.Release|Win32.Build.0 = Release|Win32
		{BD4207C6-5354-41F6-8B33-7C3E14DB1AFF}.Release|x64.ActiveCfg = Release|Win32
	EndGlobalSection
	GlobalSection(SolutionProperties) = preSolution
		HideSolutionNode = FALSE
	EndGlobalSection
EndGlobal
